hash: 09bfa9e107516d57e2437986643224a22d13b23879f42a38df54b5080b47430b
updated: 2018-07-06T14:15:18.562434367+02:00
imports:
- name: github.com/gocarina/gocsv
  version: 45cbb9cde54ea46d800c4fcd1a686949ac6d87a3
- name: github.com/mattn/go-zglob
  version: 4959821b481786922ac53e7ef25c61ae19fb7c36
  subpackages:
  - fastwalk
- name: github.com/multiplay/go-rrd
  version: 4a70b1d94ccb5879ae2839ce51dd34c27787dd6c
- name: github.com/ziutek/rrd
  version: 86f4f09e7abbf4bfb3912da6c041cabba4e933bc
testImports: []
